{
  "object": {
    "pins": [
      {
        "package": "BigInt",
        "repositoryURL": "https://github.com/attaswift/BigInt",
        "state": {
          "branch": null,
          "revision": "19f5e8a48be155e34abb98a2bcf4a343316f0343",
          "version": "5.0.0"
        }
      },
      {
        "package": "PMKFoundation",
        "repositoryURL": "https://github.com/PromiseKit/Foundation.git",
        "state": {
          "branch": null,
          "revision": "ee06d95342a5007de2fffd898f4f35de026842ac",
          "version": "3.3.3"
        }
      },
      {
        "package": "OHHTTPStubs",
        "repositoryURL": "https://github.com/AliSoftware/OHHTTPStubs.git",
        "state": {
          "branch": "feature/spm-support",
          "revision": "fda9902f8c5c4170c6914d7dc845174e8c75bf92",
          "version": null
        }
      },
      {
        "package": "PromiseKit",
        "repositoryURL": "https://github.com/mxcl/PromiseKit",
        "state": {
          "branch": null,
          "revision": "4d8d1287d2e50c53a9f8430ffe88925292838c57",
          "version": "6.11.0"
        }
      }
    ]
  },
  "version": 1
}
