PODS:
  - BigInt (3.1.0):
    - SipHash (~> 1.2)
  - EosioSwift (0.0.2):
    - BigInt (~> 3.1)
  - SipHash (1.2.2)
  - SwiftLint (0.31.0)

DEPENDENCIES:
  - EosioSwift (~> 0.0.2)
  - SwiftLint

SPEC REPOS:
  https://github.com/cocoapods/specs.git:
    - BigInt
    - SipHash
    - SwiftLint
  https://github.com/EOSIO/eosio-swift-pod-specs.git:
    - EosioSwift

SPEC CHECKSUMS:
  BigInt: 76b5dfdfa3e2e478d4ffdf161aeede5502e2742f
  EosioSwift: 3ef3ac6485b25d8dfe629f836d93070fe88df4c1
  SipHash: fad90a4683e420c52ef28063063dbbce248ea6d4
  SwiftLint: 7a0227733d786395817373b2d0ca799fd0093ff3

PODFILE CHECKSUM: a2431182eff34861f0b14c5b1b856f902c3f807d

COCOAPODS: 1.6.1
