PODS:
  - BigInt (5.0.0)
  - EosioSwift (0.4.0):
    - BigInt (~> 5.0)
    - PromiseKit (~> 6.8)
  - PromiseKit (6.13.1):
    - PromiseKit/CorePromise (= 6.13.1)
    - PromiseKit/Foundation (= 6.13.1)
    - PromiseKit/UIKit (= 6.13.1)
  - PromiseKit/CorePromise (6.13.1)
  - PromiseKit/Foundation (6.13.1):
    - PromiseKit/CorePromise
  - PromiseKit/UIKit (6.13.1):
    - PromiseKit/CorePromise
  - SwiftLint (0.32.0)

DEPENDENCIES:
  - EosioSwift (~> 0.4.0)
  - SwiftLint

SPEC REPOS:
  trunk:
    - BigInt
    - EosioSwift
    - PromiseKit
    - SwiftLint

SPEC CHECKSUMS:
  BigInt: 74b4d88367b0e819d9f77393549226d36faeb0d8
  EosioSwift: 2965d63ded78cbe4d1849ccf96aea5a8d92cc643
  PromiseKit: 28fda91c973cc377875d8c0ea4f973013c05b6db
  SwiftLint: 009a898ef2a1c851f45e1b59349bf6ff2ddc990d

PODFILE CHECKSUM: bb99a2adc1af2dce1e578b1437b030552dd451ef

COCOAPODS: 1.9.1
