PODS:
  - BigInt (3.1.0):
    - SipHash (~> 1.2)
  - EosioSwift (0.0.1):
    - BigInt (~> 3.1)
  - SipHash (1.2.2)

DEPENDENCIES:
  - EosioSwift (from `../eosio-swift`)

SPEC REPOS:
  https://github.com/cocoapods/specs.git:
    - BigInt
    - SipHash

EXTERNAL SOURCES:
  EosioSwift:
    :path: "../eosio-swift"

SPEC CHECKSUMS:
  BigInt: 76b5dfdfa3e2e478d4ffdf161aeede5502e2742f
  EosioSwift: 33d2118ba27a073407b50fce5a54ecabe1b2fd85
  SipHash: fad90a4683e420c52ef28063063dbbce248ea6d4

PODFILE CHECKSUM: 587ef63a5eda8616781525928b17ec91c722d295

COCOAPODS: 1.6.1
