// !$*UTF8*$!
{
	archiveVersion = 1;
	classes = {
	};
	objectVersion = 50;
	objects = {

/* Begin PBXBuildFile section */
		2811B4DD2231679C0029BF6A /* EccRecoverKey.swift in Sources */ = {isa = PBXBuildFile; fileRef = 2811B4DC2231679C0029BF6A /* EccRecoverKey.swift */; };
		2811B4E12231A2F80029BF6A /* EosioSwiftEccRecoverKeyTests.swift in Sources */ = {isa = PBXBuildFile; fileRef = 2811B4E02231A2F80029BF6A /* EosioSwiftEccRecoverKeyTests.swift */; };
		2811D0282230814B0002E580 /* EosioSwiftEcc.framework in Frameworks */ = {isa = PBXBuildFile; fileRef = 2811D01E2230814B0002E580 /* EosioSwiftEcc.framework */; };
		2811D02F2230814B0002E580 /* EosioSwiftEcc.h in Headers */ = {isa = PBXBuildFile; fileRef = 2811D0212230814B0002E580 /* EosioSwiftEcc.h */; settings = {ATTRIBUTES = (Public, ); }; };
		283311132232D249001EFDDA /* EcdsaSignature.swift in Sources */ = {isa = PBXBuildFile; fileRef = 283311122232D249001EFDDA /* EcdsaSignature.swift */; };
		28331115223300E7001EFDDA /* EosioEccSign.swift in Sources */ = {isa = PBXBuildFile; fileRef = 28331114223300E7001EFDDA /* EosioEccSign.swift */; };
		28331117223301E3001EFDDA /* EosioSwiftEccSignTests.swift in Sources */ = {isa = PBXBuildFile; fileRef = 28331116223301E3001EFDDA /* EosioSwiftEccSignTests.swift */; };
		28AF06E3223166A700EB0463 /* recover.cpp in Sources */ = {isa = PBXBuildFile; fileRef = 28AF06E1223166A700EB0463 /* recover.cpp */; };
		28AF06E4223166A700EB0463 /* recover.h in Headers */ = {isa = PBXBuildFile; fileRef = 28AF06E2223166A700EB0463 /* recover.h */; settings = {ATTRIBUTES = (Public, ); }; };
		682A8A7085AB4DAA8FDDC4A8 /* Pods_EosioSwiftEccTests.framework in Frameworks */ = {isa = PBXBuildFile; fileRef = 224D84CA70E1B57E4EAB5A9E /* Pods_EosioSwiftEccTests.framework */; };
		B5E77A06536378074B751A8A /* Pods_EosioSwiftEcc.framework in Frameworks */ = {isa = PBXBuildFile; fileRef = 20ED742EACE49E1E18A2B39C /* Pods_EosioSwiftEcc.framework */; };
/* End PBXBuildFile section */

/* Begin PBXContainerItemProxy section */
		2811D0292230814B0002E580 /* PBXContainerItemProxy */ = {
			isa = PBXContainerItemProxy;
			containerPortal = 2811D0152230814B0002E580 /* Project object */;
			proxyType = 1;
			remoteGlobalIDString = 2811D01D2230814B0002E580;
			remoteInfo = EosioSwiftEcc;
		};
/* End PBXContainerItemProxy section */

/* Begin PBXFileReference section */
		09A8213D6BE49AF809BBD1AD /* Pods-EosioSwiftEccTests.release.xcconfig */ = {isa = PBXFileReference; includeInIndex = 1; lastKnownFileType = text.xcconfig; name = "Pods-EosioSwiftEccTests.release.xcconfig"; path = "Pods/Target Support Files/Pods-EosioSwiftEccTests/Pods-EosioSwiftEccTests.release.xcconfig"; sourceTree = "<group>"; };
		1C0108598E54E41FCDF2169B /* Pods-EosioSwiftEcc.release.xcconfig */ = {isa = PBXFileReference; includeInIndex = 1; lastKnownFileType = text.xcconfig; name = "Pods-EosioSwiftEcc.release.xcconfig"; path = "Pods/Target Support Files/Pods-EosioSwiftEcc/Pods-EosioSwiftEcc.release.xcconfig"; sourceTree = "<group>"; };
		20ED742EACE49E1E18A2B39C /* Pods_EosioSwiftEcc.framework */ = {isa = PBXFileReference; explicitFileType = wrapper.framework; includeInIndex = 0; path = Pods_EosioSwiftEcc.framework; sourceTree = BUILT_PRODUCTS_DIR; };
		224D84CA70E1B57E4EAB5A9E /* Pods_EosioSwiftEccTests.framework */ = {isa = PBXFileReference; explicitFileType = wrapper.framework; includeInIndex = 0; path = Pods_EosioSwiftEccTests.framework; sourceTree = BUILT_PRODUCTS_DIR; };
		2811B4DC2231679C0029BF6A /* EccRecoverKey.swift */ = {isa = PBXFileReference; fileEncoding = 4; lastKnownFileType = sourcecode.swift; path = EccRecoverKey.swift; sourceTree = "<group>"; };
		2811B4E02231A2F80029BF6A /* EosioSwiftEccRecoverKeyTests.swift */ = {isa = PBXFileReference; lastKnownFileType = sourcecode.swift; path = EosioSwiftEccRecoverKeyTests.swift; sourceTree = "<group>"; };
		2811D01E2230814B0002E580 /* EosioSwiftEcc.framework */ = {isa = PBXFileReference; explicitFileType = wrapper.framework; includeInIndex = 0; path = EosioSwiftEcc.framework; sourceTree = BUILT_PRODUCTS_DIR; };
		2811D0212230814B0002E580 /* EosioSwiftEcc.h */ = {isa = PBXFileReference; lastKnownFileType = sourcecode.c.h; path = EosioSwiftEcc.h; sourceTree = "<group>"; };
		2811D0222230814B0002E580 /* Info.plist */ = {isa = PBXFileReference; lastKnownFileType = text.plist.xml; path = Info.plist; sourceTree = "<group>"; };
		2811D0272230814B0002E580 /* EosioSwiftEccTests.xctest */ = {isa = PBXFileReference; explicitFileType = wrapper.cfbundle; includeInIndex = 0; path = EosioSwiftEccTests.xctest; sourceTree = BUILT_PRODUCTS_DIR; };
		2811D02E2230814B0002E580 /* Info.plist */ = {isa = PBXFileReference; lastKnownFileType = text.plist.xml; path = Info.plist; sourceTree = "<group>"; };
		283311122232D249001EFDDA /* EcdsaSignature.swift */ = {isa = PBXFileReference; fileEncoding = 4; lastKnownFileType = sourcecode.swift; path = EcdsaSignature.swift; sourceTree = "<group>"; };
		28331114223300E7001EFDDA /* EosioEccSign.swift */ = {isa = PBXFileReference; lastKnownFileType = sourcecode.swift; path = EosioEccSign.swift; sourceTree = "<group>"; };
		28331116223301E3001EFDDA /* EosioSwiftEccSignTests.swift */ = {isa = PBXFileReference; lastKnownFileType = sourcecode.swift; path = EosioSwiftEccSignTests.swift; sourceTree = "<group>"; };
		28AF06E1223166A700EB0463 /* recover.cpp */ = {isa = PBXFileReference; lastKnownFileType = sourcecode.cpp.cpp; path = recover.cpp; sourceTree = "<group>"; };
		28AF06E2223166A700EB0463 /* recover.h */ = {isa = PBXFileReference; lastKnownFileType = sourcecode.c.h; path = recover.h; sourceTree = "<group>"; };
		B841B0B75E42C0180581A650 /* Pods-EosioSwiftEccTests.debug.xcconfig */ = {isa = PBXFileReference; includeInIndex = 1; lastKnownFileType = text.xcconfig; name = "Pods-EosioSwiftEccTests.debug.xcconfig"; path = "Pods/Target Support Files/Pods-EosioSwiftEccTests/Pods-EosioSwiftEccTests.debug.xcconfig"; sourceTree = "<group>"; };
		FB9EB879E3C19A9F6FA26F6E /* Pods-EosioSwiftEcc.debug.xcconfig */ = {isa = PBXFileReference; includeInIndex = 1; lastKnownFileType = text.xcconfig; name = "Pods-EosioSwiftEcc.debug.xcconfig"; path = "Pods/Target Support Files/Pods-EosioSwiftEcc/Pods-EosioSwiftEcc.debug.xcconfig"; sourceTree = "<group>"; };
/* End PBXFileReference section */

/* Begin PBXFrameworksBuildPhase section */
		2811D01B2230814B0002E580 /* Frameworks */ = {
			isa = PBXFrameworksBuildPhase;
			buildActionMask = 2147483647;
			files = (
				B5E77A06536378074B751A8A /* Pods_EosioSwiftEcc.framework in Frameworks */,
			);
			runOnlyForDeploymentPostprocessing = 0;
		};
		2811D0242230814B0002E580 /* Frameworks */ = {
			isa = PBXFrameworksBuildPhase;
			buildActionMask = 2147483647;
			files = (
				2811D0282230814B0002E580 /* EosioSwiftEcc.framework in Frameworks */,
				682A8A7085AB4DAA8FDDC4A8 /* Pods_EosioSwiftEccTests.framework in Frameworks */,
			);
			runOnlyForDeploymentPostprocessing = 0;
		};
/* End PBXFrameworksBuildPhase section */

/* Begin PBXGroup section */
		05363791A0A41D1D1559A2B0 /* Pods */ = {
			isa = PBXGroup;
			children = (
				FB9EB879E3C19A9F6FA26F6E /* Pods-EosioSwiftEcc.debug.xcconfig */,
				1C0108598E54E41FCDF2169B /* Pods-EosioSwiftEcc.release.xcconfig */,
				B841B0B75E42C0180581A650 /* Pods-EosioSwiftEccTests.debug.xcconfig */,
				09A8213D6BE49AF809BBD1AD /* Pods-EosioSwiftEccTests.release.xcconfig */,
			);
			name = Pods;
			sourceTree = "<group>";
		};
		2811B4DE22317CC90029BF6A /* Recover */ = {
			isa = PBXGroup;
			children = (
				2811B4DC2231679C0029BF6A /* EccRecoverKey.swift */,
				28AF06E1223166A700EB0463 /* recover.cpp */,
				28AF06E2223166A700EB0463 /* recover.h */,
			);
			path = Recover;
			sourceTree = "<group>";
		};
		2811D0142230814B0002E580 = {
			isa = PBXGroup;
			children = (
				2811D0202230814B0002E580 /* EosioSwiftEcc */,
				2811D02B2230814B0002E580 /* EosioSwiftEccTests */,
				2811D01F2230814B0002E580 /* Products */,
				05363791A0A41D1D1559A2B0 /* Pods */,
				79448D659DABF57BC8533F6C /* Frameworks */,
			);
			sourceTree = "<group>";
		};
		2811D01F2230814B0002E580 /* Products */ = {
			isa = PBXGroup;
			children = (
				2811D01E2230814B0002E580 /* EosioSwiftEcc.framework */,
				2811D0272230814B0002E580 /* EosioSwiftEccTests.xctest */,
			);
			name = Products;
			sourceTree = "<group>";
		};
		2811D0202230814B0002E580 /* EosioSwiftEcc */ = {
			isa = PBXGroup;
			children = (
				2811D0212230814B0002E580 /* EosioSwiftEcc.h */,
				2811B4DE22317CC90029BF6A /* Recover */,
				2833111822330637001EFDDA /* Sign */,
				2811D0222230814B0002E580 /* Info.plist */,
			);
			path = EosioSwiftEcc;
			sourceTree = "<group>";
		};
		2811D02B2230814B0002E580 /* EosioSwiftEccTests */ = {
			isa = PBXGroup;
			children = (
				2811B4E02231A2F80029BF6A /* EosioSwiftEccRecoverKeyTests.swift */,
				28331116223301E3001EFDDA /* EosioSwiftEccSignTests.swift */,
				2811D02E2230814B0002E580 /* Info.plist */,
			);
			path = EosioSwiftEccTests;
			sourceTree = "<group>";
		};
		2833111822330637001EFDDA /* Sign */ = {
			isa = PBXGroup;
			children = (
				283311122232D249001EFDDA /* EcdsaSignature.swift */,
				28331114223300E7001EFDDA /* EosioEccSign.swift */,
			);
			path = Sign;
			sourceTree = "<group>";
		};
		79448D659DABF57BC8533F6C /* Frameworks */ = {
			isa = PBXGroup;
			children = (
				20ED742EACE49E1E18A2B39C /* Pods_EosioSwiftEcc.framework */,
				224D84CA70E1B57E4EAB5A9E /* Pods_EosioSwiftEccTests.framework */,
			);
			name = Frameworks;
			sourceTree = "<group>";
		};
/* End PBXGroup section */

/* Begin PBXHeadersBuildPhase section */
		2811D0192230814B0002E580 /* Headers */ = {
			isa = PBXHeadersBuildPhase;
			buildActionMask = 2147483647;
			files = (
				2811D02F2230814B0002E580 /* EosioSwiftEcc.h in Headers */,
				28AF06E4223166A700EB0463 /* recover.h in Headers */,
			);
			runOnlyForDeploymentPostprocessing = 0;
		};
/* End PBXHeadersBuildPhase section */

/* Begin PBXNativeTarget section */
		2811D01D2230814B0002E580 /* EosioSwiftEcc */ = {
			isa = PBXNativeTarget;
			buildConfigurationList = 2811D0322230814B0002E580 /* Build configuration list for PBXNativeTarget "EosioSwiftEcc" */;
			buildPhases = (
				39D2A889391463BE1EFB9005 /* [CP] Check Pods Manifest.lock */,
				2811D0192230814B0002E580 /* Headers */,
				2811D01A2230814B0002E580 /* Sources */,
				2811D01B2230814B0002E580 /* Frameworks */,
				2811D01C2230814B0002E580 /* Resources */,
			);
			buildRules = (
			);
			dependencies = (
			);
			name = EosioSwiftEcc;
			productName = EosioSwiftEcc;
			productReference = 2811D01E2230814B0002E580 /* EosioSwiftEcc.framework */;
			productType = "com.apple.product-type.framework";
		};
		2811D0262230814B0002E580 /* EosioSwiftEccTests */ = {
			isa = PBXNativeTarget;
			buildConfigurationList = 2811D0352230814B0002E580 /* Build configuration list for PBXNativeTarget "EosioSwiftEccTests" */;
			buildPhases = (
				C2591261D351D70B5C30F35F /* [CP] Check Pods Manifest.lock */,
				2811D0232230814B0002E580 /* Sources */,
				2811D0242230814B0002E580 /* Frameworks */,
				2811D0252230814B0002E580 /* Resources */,
				B505ACB2A45A42C4CCAF3687 /* [CP] Embed Pods Frameworks */,
			);
			buildRules = (
			);
			dependencies = (
				2811D02A2230814B0002E580 /* PBXTargetDependency */,
			);
			name = EosioSwiftEccTests;
			productName = EosioSwiftEccTests;
			productReference = 2811D0272230814B0002E580 /* EosioSwiftEccTests.xctest */;
			productType = "com.apple.product-type.bundle.unit-test";
		};
/* End PBXNativeTarget section */

/* Begin PBXProject section */
		2811D0152230814B0002E580 /* Project object */ = {
			isa = PBXProject;
			attributes = {
				LastSwiftUpdateCheck = 1010;
				LastUpgradeCheck = 1010;
				ORGANIZATIONNAME = block.one;
				TargetAttributes = {
					2811D01D2230814B0002E580 = {
						CreatedOnToolsVersion = 10.1;
						LastSwiftMigration = 1010;
					};
					2811D0262230814B0002E580 = {
						CreatedOnToolsVersion = 10.1;
					};
				};
			};
			buildConfigurationList = 2811D0182230814B0002E580 /* Build configuration list for PBXProject "EosioSwiftEcc" */;
			compatibilityVersion = "Xcode 9.3";
			developmentRegion = en;
			hasScannedForEncodings = 0;
			knownRegions = (
				en,
			);
			mainGroup = 2811D0142230814B0002E580;
			productRefGroup = 2811D01F2230814B0002E580 /* Products */;
			projectDirPath = "";
			projectRoot = "";
			targets = (
				2811D01D2230814B0002E580 /* EosioSwiftEcc */,
				2811D0262230814B0002E580 /* EosioSwiftEccTests */,
			);
		};
/* End PBXProject section */

/* Begin PBXResourcesBuildPhase section */
		2811D01C2230814B0002E580 /* Resources */ = {
			isa = PBXResourcesBuildPhase;
			buildActionMask = 2147483647;
			files = (
			);
			runOnlyForDeploymentPostprocessing = 0;
		};
		2811D0252230814B0002E580 /* Resources */ = {
			isa = PBXResourcesBuildPhase;
			buildActionMask = 2147483647;
			files = (
			);
			runOnlyForDeploymentPostprocessing = 0;
		};
/* End PBXResourcesBuildPhase section */

/* Begin PBXShellScriptBuildPhase section */
		39D2A889391463BE1EFB9005 /* [CP] Check Pods Manifest.lock */ = {
			isa = PBXShellScriptBuildPhase;
			buildActionMask = 2147483647;
			files = (
			);
			inputFileListPaths = (
			);
			inputPaths = (
				"${PODS_PODFILE_DIR_PATH}/Podfile.lock",
				"${PODS_ROOT}/Manifest.lock",
			);
			name = "[CP] Check Pods Manifest.lock";
			outputFileListPaths = (
			);
			outputPaths = (
				"$(DERIVED_FILE_DIR)/Pods-EosioSwiftEcc-checkManifestLockResult.txt",
			);
			runOnlyForDeploymentPostprocessing = 0;
			shellPath = /bin/sh;
			shellScript = "diff \"${PODS_PODFILE_DIR_PATH}/Podfile.lock\" \"${PODS_ROOT}/Manifest.lock\" > /dev/null\nif [ $? != 0 ] ; then\n    # print error to STDERR\n    echo \"error: The sandbox is not in sync with the Podfile.lock. Run 'pod install' or update your CocoaPods installation.\" >&2\n    exit 1\nfi\n# This output is used by Xcode 'outputs' to avoid re-running this script phase.\necho \"SUCCESS\" > \"${SCRIPT_OUTPUT_FILE_0}\"\n";
			showEnvVarsInLog = 0;
		};
		B505ACB2A45A42C4CCAF3687 /* [CP] Embed Pods Frameworks */ = {
			isa = PBXShellScriptBuildPhase;
			buildActionMask = 2147483647;
			files = (
			);
			inputFileListPaths = (
			);
			inputPaths = (
				"${SRCROOT}/Pods/Target Support Files/Pods-EosioSwiftEccTests/Pods-EosioSwiftEccTests-frameworks.sh",
				"${BUILT_PRODUCTS_DIR}/BigInt/BigInt.framework",
				"${BUILT_PRODUCTS_DIR}/EosioSwift/EosioSwift.framework",
				"${PODS_ROOT}/GRKOpenSSLFramework/OpenSSL-iOS/bin/openssl.framework",
				"${BUILT_PRODUCTS_DIR}/SipHash/SipHash.framework",
			);
			name = "[CP] Embed Pods Frameworks";
			outputFileListPaths = (
			);
			outputPaths = (
				"${TARGET_BUILD_DIR}/${FRAMEWORKS_FOLDER_PATH}/BigInt.framework",
				"${TARGET_BUILD_DIR}/${FRAMEWORKS_FOLDER_PATH}/EosioSwift.framework",
				"${TARGET_BUILD_DIR}/${FRAMEWORKS_FOLDER_PATH}/openssl.framework",
				"${TARGET_BUILD_DIR}/${FRAMEWORKS_FOLDER_PATH}/SipHash.framework",
			);
			runOnlyForDeploymentPostprocessing = 0;
			shellPath = /bin/sh;
			shellScript = "\"${SRCROOT}/Pods/Target Support Files/Pods-EosioSwiftEccTests/Pods-EosioSwiftEccTests-frameworks.sh\"\n";
			showEnvVarsInLog = 0;
		};
		C2591261D351D70B5C30F35F /* [CP] Check Pods Manifest.lock */ = {
			isa = PBXShellScriptBuildPhase;
			buildActionMask = 2147483647;
			files = (
			);
			inputFileListPaths = (
			);
			inputPaths = (
				"${PODS_PODFILE_DIR_PATH}/Podfile.lock",
				"${PODS_ROOT}/Manifest.lock",
			);
			name = "[CP] Check Pods Manifest.lock";
			outputFileListPaths = (
			);
			outputPaths = (
				"$(DERIVED_FILE_DIR)/Pods-EosioSwiftEccTests-checkManifestLockResult.txt",
			);
			runOnlyForDeploymentPostprocessing = 0;
			shellPath = /bin/sh;
			shellScript = "diff \"${PODS_PODFILE_DIR_PATH}/Podfile.lock\" \"${PODS_ROOT}/Manifest.lock\" > /dev/null\nif [ $? != 0 ] ; then\n    # print error to STDERR\n    echo \"error: The sandbox is not in sync with the Podfile.lock. Run 'pod install' or update your CocoaPods installation.\" >&2\n    exit 1\nfi\n# This output is used by Xcode 'outputs' to avoid re-running this script phase.\necho \"SUCCESS\" > \"${SCRIPT_OUTPUT_FILE_0}\"\n";
			showEnvVarsInLog = 0;
		};
/* End PBXShellScriptBuildPhase section */

/* Begin PBXSourcesBuildPhase section */
		2811D01A2230814B0002E580 /* Sources */ = {
			isa = PBXSourcesBuildPhase;
			buildActionMask = 2147483647;
			files = (
				28331115223300E7001EFDDA /* EosioEccSign.swift in Sources */,
				2811B4DD2231679C0029BF6A /* EccRecoverKey.swift in Sources */,
				283311132232D249001EFDDA /* EcdsaSignature.swift in Sources */,
				28AF06E3223166A700EB0463 /* recover.cpp in Sources */,
			);
			runOnlyForDeploymentPostprocessing = 0;
		};
		2811D0232230814B0002E580 /* Sources */ = {
			isa = PBXSourcesBuildPhase;
			buildActionMask = 2147483647;
			files = (
				28331117223301E3001EFDDA /* EosioSwiftEccSignTests.swift in Sources */,
				2811B4E12231A2F80029BF6A /* EosioSwiftEccRecoverKeyTests.swift in Sources */,
			);
			runOnlyForDeploymentPostprocessing = 0;
		};
/* End PBXSourcesBuildPhase section */

/* Begin PBXTargetDependency section */
		2811D02A2230814B0002E580 /* PBXTargetDependency */ = {
			isa = PBXTargetDependency;
			target = 2811D01D2230814B0002E580 /* EosioSwiftEcc */;
			targetProxy = 2811D0292230814B0002E580 /* PBXContainerItemProxy */;
		};
/* End PBXTargetDependency section */

/* Begin XCBuildConfiguration section */
		2811D0302230814B0002E580 /* Debug */ = {
			isa = XCBuildConfiguration;
			buildSettings = {
				ALWAYS_SEARCH_USER_PATHS = NO;
				CLANG_ANALYZER_NONNULL = YES;
				CLANG_ANALYZER_NUMBER_OBJECT_CONVERSION = YES_AGGRESSIVE;
				CLANG_CXX_LANGUAGE_STANDARD = "gnu++14";
				CLANG_CXX_LIBRARY = "libc++";
				CLANG_ENABLE_MODULES = YES;
				CLANG_ENABLE_OBJC_ARC = YES;
				CLANG_ENABLE_OBJC_WEAK = YES;
				CLANG_WARN_BLOCK_CAPTURE_AUTORELEASING = YES;
				CLANG_WARN_BOOL_CONVERSION = YES;
				CLANG_WARN_COMMA = YES;
				CLANG_WARN_CONSTANT_CONVERSION = YES;
				CLANG_WARN_DEPRECATED_OBJC_IMPLEMENTATIONS = YES;
				CLANG_WARN_DIRECT_OBJC_ISA_USAGE = YES_ERROR;
				CLANG_WARN_DOCUMENTATION_COMMENTS = YES;
				CLANG_WARN_EMPTY_BODY = YES;
				CLANG_WARN_ENUM_CONVERSION = YES;
				CLANG_WARN_INFINITE_RECURSION = YES;
				CLANG_WARN_INT_CONVERSION = YES;
				CLANG_WARN_NON_LITERAL_NULL_CONVERSION = YES;
				CLANG_WARN_OBJC_IMPLICIT_RETAIN_SELF = YES;
				CLANG_WARN_OBJC_LITERAL_CONVERSION = YES;
				CLANG_WARN_OBJC_ROOT_CLASS = YES_ERROR;
				CLANG_WARN_RANGE_LOOP_ANALYSIS = YES;
				CLANG_WARN_STRICT_PROTOTYPES = YES;
				CLANG_WARN_SUSPICIOUS_MOVE = YES;
				CLANG_WARN_UNGUARDED_AVAILABILITY = YES_AGGRESSIVE;
				CLANG_WARN_UNREACHABLE_CODE = YES;
				CLANG_WARN__DUPLICATE_METHOD_MATCH = YES;
				CODE_SIGN_IDENTITY = "iPhone Developer";
				COPY_PHASE_STRIP = NO;
				CURRENT_PROJECT_VERSION = 1;
				DEBUG_INFORMATION_FORMAT = dwarf;
				ENABLE_STRICT_OBJC_MSGSEND = YES;
				ENABLE_TESTABILITY = YES;
				GCC_C_LANGUAGE_STANDARD = gnu11;
				GCC_DYNAMIC_NO_PIC = NO;
				GCC_NO_COMMON_BLOCKS = YES;
				GCC_OPTIMIZATION_LEVEL = 0;
				GCC_PREPROCESSOR_DEFINITIONS = (
					"DEBUG=1",
					"$(inherited)",
				);
				GCC_WARN_64_TO_32_BIT_CONVERSION = YES;
				GCC_WARN_ABOUT_RETURN_TYPE = YES_ERROR;
				GCC_WARN_UNDECLARED_SELECTOR = YES;
				GCC_WARN_UNINITIALIZED_AUTOS = YES_AGGRESSIVE;
				GCC_WARN_UNUSED_FUNCTION = YES;
				GCC_WARN_UNUSED_VARIABLE = YES;
				IPHONEOS_DEPLOYMENT_TARGET = 12.1;
				MTL_ENABLE_DEBUG_INFO = INCLUDE_SOURCE;
				MTL_FAST_MATH = YES;
				ONLY_ACTIVE_ARCH = YES;
				SDKROOT = iphoneos;
				SWIFT_ACTIVE_COMPILATION_CONDITIONS = DEBUG;
				SWIFT_OPTIMIZATION_LEVEL = "-Onone";
				VERSIONING_SYSTEM = "apple-generic";
				VERSION_INFO_PREFIX = "";
			};
			name = Debug;
		};
		2811D0312230814B0002E580 /* Release */ = {
			isa = XCBuildConfiguration;
			buildSettings = {
				ALWAYS_SEARCH_USER_PATHS = NO;
				CLANG_ANALYZER_NONNULL = YES;
				CLANG_ANALYZER_NUMBER_OBJECT_CONVERSION = YES_AGGRESSIVE;
				CLANG_CXX_LANGUAGE_STANDARD = "gnu++14";
				CLANG_CXX_LIBRARY = "libc++";
				CLANG_ENABLE_MODULES = YES;
				CLANG_ENABLE_OBJC_ARC = YES;
				CLANG_ENABLE_OBJC_WEAK = YES;
				CLANG_WARN_BLOCK_CAPTURE_AUTORELEASING = YES;
				CLANG_WARN_BOOL_CONVERSION = YES;
				CLANG_WARN_COMMA = YES;
				CLANG_WARN_CONSTANT_CONVERSION = YES;
				CLANG_WARN_DEPRECATED_OBJC_IMPLEMENTATIONS = YES;
				CLANG_WARN_DIRECT_OBJC_ISA_USAGE = YES_ERROR;
				CLANG_WARN_DOCUMENTATION_COMMENTS = YES;
				CLANG_WARN_EMPTY_BODY = YES;
				CLANG_WARN_ENUM_CONVERSION = YES;
				CLANG_WARN_INFINITE_RECURSION = YES;
				CLANG_WARN_INT_CONVERSION = YES;
				CLANG_WARN_NON_LITERAL_NULL_CONVERSION = YES;
				CLANG_WARN_OBJC_IMPLICIT_RETAIN_SELF = YES;
				CLANG_WARN_OBJC_LITERAL_CONVERSION = YES;
				CLANG_WARN_OBJC_ROOT_CLASS = YES_ERROR;
				CLANG_WARN_RANGE_LOOP_ANALYSIS = YES;
				CLANG_WARN_STRICT_PROTOTYPES = YES;
				CLANG_WARN_SUSPICIOUS_MOVE = YES;
				CLANG_WARN_UNGUARDED_AVAILABILITY = YES_AGGRESSIVE;
				CLANG_WARN_UNREACHABLE_CODE = YES;
				CLANG_WARN__DUPLICATE_METHOD_MATCH = YES;
				CODE_SIGN_IDENTITY = "iPhone Developer";
				COPY_PHASE_STRIP = NO;
				CURRENT_PROJECT_VERSION = 1;
				DEBUG_INFORMATION_FORMAT = "dwarf-with-dsym";
				ENABLE_NS_ASSERTIONS = NO;
				ENABLE_STRICT_OBJC_MSGSEND = YES;
				GCC_C_LANGUAGE_STANDARD = gnu11;
				GCC_NO_COMMON_BLOCKS = YES;
				GCC_WARN_64_TO_32_BIT_CONVERSION = YES;
				GCC_WARN_ABOUT_RETURN_TYPE = YES_ERROR;
				GCC_WARN_UNDECLARED_SELECTOR = YES;
				GCC_WARN_UNINITIALIZED_AUTOS = YES_AGGRESSIVE;
				GCC_WARN_UNUSED_FUNCTION = YES;
				GCC_WARN_UNUSED_VARIABLE = YES;
				IPHONEOS_DEPLOYMENT_TARGET = 12.1;
				MTL_ENABLE_DEBUG_INFO = NO;
				MTL_FAST_MATH = YES;
				SDKROOT = iphoneos;
				SWIFT_COMPILATION_MODE = wholemodule;
				SWIFT_OPTIMIZATION_LEVEL = "-O";
				VALIDATE_PRODUCT = YES;
				VERSIONING_SYSTEM = "apple-generic";
				VERSION_INFO_PREFIX = "";
			};
			name = Release;
		};
		2811D0332230814B0002E580 /* Debug */ = {
			isa = XCBuildConfiguration;
			baseConfigurationReference = FB9EB879E3C19A9F6FA26F6E /* Pods-EosioSwiftEcc.debug.xcconfig */;
			buildSettings = {
				CLANG_ALLOW_NON_MODULAR_INCLUDES_IN_FRAMEWORK_MODULES = YES;
				CLANG_ENABLE_MODULES = YES;
				CODE_SIGN_IDENTITY = "";
				CODE_SIGN_STYLE = Automatic;
				DEFINES_MODULE = YES;
				DEVELOPMENT_TEAM = 9574LUMBYJ;
				DYLIB_COMPATIBILITY_VERSION = 1;
				DYLIB_CURRENT_VERSION = 1;
				DYLIB_INSTALL_NAME_BASE = "@rpath";
				INFOPLIST_FILE = EosioSwiftEcc/Info.plist;
				INSTALL_PATH = "$(LOCAL_LIBRARY_DIR)/Frameworks";
				IPHONEOS_DEPLOYMENT_TARGET = 12.0;
				LD_RUNPATH_SEARCH_PATHS = (
					"$(inherited)",
					"@executable_path/Frameworks",
					"@loader_path/Frameworks",
				);
				PRODUCT_BUNDLE_IDENTIFIER = one.block.EosioSwiftEcc;
				PRODUCT_NAME = "$(TARGET_NAME:c99extidentifier)";
				SKIP_INSTALL = YES;
				SWIFT_OPTIMIZATION_LEVEL = "-Onone";
				SWIFT_VERSION = 4.2;
				TARGETED_DEVICE_FAMILY = "1,2";
			};
			name = Debug;
		};
		2811D0342230814B0002E580 /* Release */ = {
			isa = XCBuildConfiguration;
			baseConfigurationReference = 1C0108598E54E41FCDF2169B /* Pods-EosioSwiftEcc.release.xcconfig */;
			buildSettings = {
				CLANG_ALLOW_NON_MODULAR_INCLUDES_IN_FRAMEWORK_MODULES = YES;
				CLANG_ENABLE_MODULES = YES;
				CODE_SIGN_IDENTITY = "";
				CODE_SIGN_STYLE = Automatic;
				DEFINES_MODULE = YES;
				DEVELOPMENT_TEAM = 9574LUMBYJ;
				DYLIB_COMPATIBILITY_VERSION = 1;
				DYLIB_CURRENT_VERSION = 1;
				DYLIB_INSTALL_NAME_BASE = "@rpath";
				INFOPLIST_FILE = EosioSwiftEcc/Info.plist;
				INSTALL_PATH = "$(LOCAL_LIBRARY_DIR)/Frameworks";
				IPHONEOS_DEPLOYMENT_TARGET = 12.0;
				LD_RUNPATH_SEARCH_PATHS = (
					"$(inherited)",
					"@executable_path/Frameworks",
					"@loader_path/Frameworks",
				);
				PRODUCT_BUNDLE_IDENTIFIER = one.block.EosioSwiftEcc;
				PRODUCT_NAME = "$(TARGET_NAME:c99extidentifier)";
				SKIP_INSTALL = YES;
				SWIFT_VERSION = 4.2;
				TARGETED_DEVICE_FAMILY = "1,2";
			};
			name = Release;
		};
		2811D0362230814B0002E580 /* Debug */ = {
			isa = XCBuildConfiguration;
			baseConfigurationReference = B841B0B75E42C0180581A650 /* Pods-EosioSwiftEccTests.debug.xcconfig */;
			buildSettings = {
				CODE_SIGN_STYLE = Automatic;
				DEVELOPMENT_TEAM = 9574LUMBYJ;
				INFOPLIST_FILE = EosioSwiftEccTests/Info.plist;
				LD_RUNPATH_SEARCH_PATHS = (
					"$(inherited)",
					"@executable_path/Frameworks",
					"@loader_path/Frameworks",
				);
				PRODUCT_BUNDLE_IDENTIFIER = one.block.EosioSwiftEccTests;
				PRODUCT_NAME = "$(TARGET_NAME)";
				SWIFT_VERSION = 4.2;
				TARGETED_DEVICE_FAMILY = "1,2";
			};
			name = Debug;
		};
		2811D0372230814B0002E580 /* Release */ = {
			isa = XCBuildConfiguration;
			baseConfigurationReference = 09A8213D6BE49AF809BBD1AD /* Pods-EosioSwiftEccTests.release.xcconfig */;
			buildSettings = {
				CODE_SIGN_STYLE = Automatic;
				DEVELOPMENT_TEAM = 9574LUMBYJ;
				INFOPLIST_FILE = EosioSwiftEccTests/Info.plist;
				LD_RUNPATH_SEARCH_PATHS = (
					"$(inherited)",
					"@executable_path/Frameworks",
					"@loader_path/Frameworks",
				);
				PRODUCT_BUNDLE_IDENTIFIER = one.block.EosioSwiftEccTests;
				PRODUCT_NAME = "$(TARGET_NAME)";
				SWIFT_VERSION = 4.2;
				TARGETED_DEVICE_FAMILY = "1,2";
			};
			name = Release;
		};
/* End XCBuildConfiguration section */

/* Begin XCConfigurationList section */
		2811D0182230814B0002E580 /* Build configuration list for PBXProject "EosioSwiftEcc" */ = {
			isa = XCConfigurationList;
			buildConfigurations = (
				2811D0302230814B0002E580 /* Debug */,
				2811D0312230814B0002E580 /* Release */,
			);
			defaultConfigurationIsVisible = 0;
			defaultConfigurationName = Release;
		};
		2811D0322230814B0002E580 /* Build configuration list for PBXNativeTarget "EosioSwiftEcc" */ = {
			isa = XCConfigurationList;
			buildConfigurations = (
				2811D0332230814B0002E580 /* Debug */,
				2811D0342230814B0002E580 /* Release */,
			);
			defaultConfigurationIsVisible = 0;
			defaultConfigurationName = Release;
		};
		2811D0352230814B0002E580 /* Build configuration list for PBXNativeTarget "EosioSwiftEccTests" */ = {
			isa = XCConfigurationList;
			buildConfigurations = (
				2811D0362230814B0002E580 /* Debug */,
				2811D0372230814B0002E580 /* Release */,
			);
			defaultConfigurationIsVisible = 0;
			defaultConfigurationName = Release;
		};
/* End XCConfigurationList section */
	};
	rootObject = 2811D0152230814B0002E580 /* Project object */;
}
